
Microsoft Visual Studio Solution File, Format Version 12.00
# Visual Studio Version 17
VisualStudioVersion = 17.3.32819.101
MinimumVisualStudioVersion = 10.0.40219.1
Project("{FAE04EC0-301F-11D3-BF4B-00C04F79EFBC}") = "DloggerDatabaseWFA", "DloggerDatabaseWFA\DloggerDatabaseWFA.csproj", "{092F9996-92A8-4656-A88D-0917B0244A5F}"
EndProject
Global
	GlobalSection(SolutionConfigurationPlatforms) = preSolution
		Debug|Any CPU = Debug|Any CPU
		Release|Any CPU = Release|Any CPU
	EndGlobalSection
	GlobalSection(ProjectConfigurationPlatforms) = postSolution
		{092F9996-92A8-4656-A88D-0917B0244A5F}.Debug|Any CPU.ActiveCfg = Debug|Any CPU
		{092F9996-92A8-4656-A88D-0917B0244A5F}.Debug|Any CPU.Build.0 = Debug|Any CPU
		{092F9996-92A8-4656-A88D-0917B0244A5F}.Release|Any CPU.ActiveCfg = Release|Any CPU
		{092F9996-92A8-4656-A88D-0917B0244A5F}.Release|Any CPU.Build.0 = Release|Any CPU
	EndGlobalSection
	GlobalSection(SolutionProperties) = preSolution
		HideSolutionNode = FALSE
	EndGlobalSection
	GlobalSection(ExtensibilityGlobals) = postSolution
		SolutionGuid = {C4EECC7A-37C9-4040-9856-AAF5B13F8ABF}
	EndGlobalSection
EndGlobal
